
Microsoft Visual Studio Solution File, Format Version 12.00
# Visual Studio Version 17
VisualStudioVersion = 17.8.34408.163
MinimumVisualStudioVersion = 10.0.40219.1
Project("{FAE04EC0-301F-11D3-BF4B-00C04F79EFBC}") = "inventory system project", "inventory system project\inventory system project.csproj", "{49EE0619-8653-4408-A543-9595E834917E}"
EndProject
Global
	GlobalSection(SolutionConfigurationPlatforms) = preSolution
		Debug|Any CPU = Debug|Any CPU
		Release|Any CPU = Release|Any CPU
	EndGlobalSection
	GlobalSection(ProjectConfigurationPlatforms) = postSolution
		{49EE0619-8653-4408-A543-9595E834917E}.Debug|Any CPU.ActiveCfg = Debug|Any CPU
		{49EE0619-8653-4408-A543-9595E834917E}.Debug|Any CPU.Build.0 = Debug|Any CPU
		{49EE0619-8653-4408-A543-9595E834917E}.Release|Any CPU.ActiveCfg = Release|Any CPU
		{49EE0619-8653-4408-A543-9595E834917E}.Release|Any CPU.Build.0 = Release|Any CPU
	EndGlobalSection
	GlobalSection(SolutionProperties) = preSolution
		HideSolutionNode = FALSE
	EndGlobalSection
	GlobalSection(ExtensibilityGlobals) = postSolution
		SolutionGuid = {F2F0CF96-89AD-4216-B525-EDC3FDEE4D47}
	EndGlobalSection
EndGlobal
